// !$*UTF8*$!
{
	archiveVersion = 1;
	classes = {
	};
	objectVersion = 46;
	objects = {

/* Begin PBXBuildFile section */
		8188467118C26ACE00590ECA /* Foundation.framework in Frameworks */ = {isa = PBXBuildFile; fileRef = 8188467018C26ACE00590ECA /* Foundation.framework */; };
		8188467318C26ACE00590ECA /* CoreGraphics.framework in Frameworks */ = {isa = PBXBuildFile; fileRef = 8188467218C26ACE00590ECA /* CoreGraphics.framework */; };
		8188467518C26ACE00590ECA /* UIKit.framework in Frameworks */ = {isa = PBXBuildFile; fileRef = 8188467418C26ACE00590ECA /* UIKit.framework */; };
		8188467B18C26ACE00590ECA /* InfoPlist.strings in Resources */ = {isa = PBXBuildFile; fileRef = 8188467918C26ACE00590ECA /* InfoPlist.strings */; };
		8188467D18C26ACE00590ECA /* main.m in Sources */ = {isa = PBXBuildFile; fileRef = 8188467C18C26ACE00590ECA /* main.m */; };
		8188468118C26ACE00590ECA /* SkyEyeAppDelegate.m in Sources */ = {isa = PBXBuildFile; fileRef = 8188468018C26ACE00590ECA /* SkyEyeAppDelegate.m */; };
		8188468418C26ACE00590ECA /* Main.storyboard in Resources */ = {isa = PBXBuildFile; fileRef = 8188468218C26ACE00590ECA /* Main.storyboard */; };
		8188468718C26ACE00590ECA /* SkyEyeViewController.m in Sources */ = {isa = PBXBuildFile; fileRef = 8188468618C26ACE00590ECA /* SkyEyeViewController.m */; };
		8188468918C26ACE00590ECA /* Images.xcassets in Resources */ = {isa = PBXBuildFile; fileRef = 8188468818C26ACE00590ECA /* Images.xcassets */; };
		8188469018C26ACE00590ECA /* XCTest.framework in Frameworks */ = {isa = PBXBuildFile; fileRef = 8188468F18C26ACE00590ECA /* XCTest.framework */; };
		8188469118C26ACE00590ECA /* Foundation.framework in Frameworks */ = {isa = PBXBuildFile; fileRef = 8188467018C26ACE00590ECA /* Foundation.framework */; };
		8188469218C26ACE00590ECA /* UIKit.framework in Frameworks */ = {isa = PBXBuildFile; fileRef = 8188467418C26ACE00590ECA /* UIKit.framework */; };
		8188469A18C26ACE00590ECA /* InfoPlist.strings in Resources */ = {isa = PBXBuildFile; fileRef = 8188469818C26ACE00590ECA /* InfoPlist.strings */; };
		8188469C18C26ACE00590ECA /* SkyEyeTests.m in Sources */ = {isa = PBXBuildFile; fileRef = 8188469B18C26ACE00590ECA /* SkyEyeTests.m */; };
		C578107018C284570018AFDF /* CoreBluetooth.framework in Frameworks */ = {isa = PBXBuildFile; fileRef = C578106F18C284570018AFDF /* CoreBluetooth.framework */; };
		C578107318C284710018AFDF /* CoreData.framework in Frameworks */ = {isa = PBXBuildFile; fileRef = C578107118C284710018AFDF /* CoreData.framework */; };
		C578107418C284710018AFDF /* CoreLocation.framework in Frameworks */ = {isa = PBXBuildFile; fileRef = C578107218C284710018AFDF /* CoreLocation.framework */; };
		C578107618C2864A0018AFDF /* libz.dylib in Frameworks */ = {isa = PBXBuildFile; fileRef = C578107518C286490018AFDF /* libz.dylib */; };
		C578107818C286550018AFDF /* MapKit.framework in Frameworks */ = {isa = PBXBuildFile; fileRef = C578107718C286550018AFDF /* MapKit.framework */; };
		C578107A18C2865D0018AFDF /* Security.framework in Frameworks */ = {isa = PBXBuildFile; fileRef = C578107918C2865D0018AFDF /* Security.framework */; };
		C578109D18C29A6F0018AFDF /* FYX.framework in Frameworks */ = {isa = PBXBuildFile; fileRef = C578109918C29A370018AFDF /* FYX.framework */; };
		C57810B918C29A9D0018AFDF /* Common.framework in Frameworks */ = {isa = PBXBuildFile; fileRef = C57810AC18C29A9D0018AFDF /* Common.framework */; };
		C57810BA18C29A9D0018AFDF /* ContextCore.framework in Frameworks */ = {isa = PBXBuildFile; fileRef = C57810AF18C29A9D0018AFDF /* ContextCore.framework */; };
		C57810BB18C29A9D0018AFDF /* ContextLocation.framework in Frameworks */ = {isa = PBXBuildFile; fileRef = C57810B218C29A9D0018AFDF /* ContextLocation.framework */; };
		C57810BC18C29A9D0018AFDF /* DataModels.bundle in Resources */ = {isa = PBXBuildFile; fileRef = C57810B418C29A9D0018AFDF /* DataModels.bundle */; };
		C57810BD18C29A9D0018AFDF /* FYX.framework in Frameworks */ = {isa = PBXBuildFile; fileRef = C57810B518C29A9D0018AFDF /* FYX.framework */; };
		C57810BE18C29A9D0018AFDF /* NetworkServices.framework in Frameworks */ = {isa = PBXBuildFile; fileRef = C57810B718C29A9D0018AFDF /* NetworkServices.framework */; };
/* End PBXBuildFile section */

/* Begin PBXContainerItemProxy section */
		8188469318C26ACE00590ECA /* PBXContainerItemProxy */ = {
			isa = PBXContainerItemProxy;
			containerPortal = 8188466518C26ACE00590ECA /* Project object */;
			proxyType = 1;
			remoteGlobalIDString = 8188466C18C26ACE00590ECA;
			remoteInfo = SkyEye;
		};
/* End PBXContainerItemProxy section */

/* Begin PBXFileReference section */
		8188466D18C26ACE00590ECA /* SkyEye.app */ = {isa = PBXFileReference; explicitFileType = wrapper.application; includeInIndex = 0; path = SkyEye.app; sourceTree = BUILT_PRODUCTS_DIR; };
		8188467018C26ACE00590ECA /* Foundation.framework */ = {isa = PBXFileReference; lastKnownFileType = wrapper.framework; name = Foundation.framework; path = System/Library/Frameworks/Foundation.framework; sourceTree = SDKROOT; };
		8188467218C26ACE00590ECA /* CoreGraphics.framework */ = {isa = PBXFileReference; lastKnownFileType = wrapper.framework; name = CoreGraphics.framework; path = System/Library/Frameworks/CoreGraphics.framework; sourceTree = SDKROOT; };
		8188467418C26ACE00590ECA /* UIKit.framework */ = {isa = PBXFileReference; lastKnownFileType = wrapper.framework; name = UIKit.framework; path = System/Library/Frameworks/UIKit.framework; sourceTree = SDKROOT; };
		8188467818C26ACE00590ECA /* SkyEye-Info.plist */ = {isa = PBXFileReference; lastKnownFileType = text.plist.xml; path = "SkyEye-Info.plist"; sourceTree = "<group>"; };
		8188467A18C26ACE00590ECA /* en */ = {isa = PBXFileReference; lastKnownFileType = text.plist.strings; name = en; path = en.lproj/InfoPlist.strings; sourceTree = "<group>"; };
		8188467C18C26ACE00590ECA /* main.m */ = {isa = PBXFileReference; lastKnownFileType = sourcecode.c.objc; path = main.m; sourceTree = "<group>"; };
		8188467E18C26ACE00590ECA /* SkyEye-Prefix.pch */ = {isa = PBXFileReference; lastKnownFileType = sourcecode.c.h; path = "SkyEye-Prefix.pch"; sourceTree = "<group>"; };
		8188467F18C26ACE00590ECA /* SkyEyeAppDelegate.h */ = {isa = PBXFileReference; lastKnownFileType = sourcecode.c.h; path = SkyEyeAppDelegate.h; sourceTree = "<group>"; };
		8188468018C26ACE00590ECA /* SkyEyeAppDelegate.m */ = {isa = PBXFileReference; lastKnownFileType = sourcecode.c.objc; path = SkyEyeAppDelegate.m; sourceTree = "<group>"; };
		8188468318C26ACE00590ECA /* Base */ = {isa = PBXFileReference; lastKnownFileType = file.storyboard; name = Base; path = Base.lproj/Main.storyboard; sourceTree = "<group>"; };
		8188468518C26ACE00590ECA /* SkyEyeViewController.h */ = {isa = PBXFileReference; lastKnownFileType = sourcecode.c.h; path = SkyEyeViewController.h; sourceTree = "<group>"; };
		8188468618C26ACE00590ECA /* SkyEyeViewController.m */ = {isa = PBXFileReference; lastKnownFileType = sourcecode.c.objc; path = SkyEyeViewController.m; sourceTree = "<group>"; };
		8188468818C26ACE00590ECA /* Images.xcassets */ = {isa = PBXFileReference; lastKnownFileType = folder.assetcatalog; path = Images.xcassets; sourceTree = "<group>"; };
		8188468E18C26ACE00590ECA /* SkyEyeTests.xctest */ = {isa = PBXFileReference; explicitFileType = wrapper.cfbundle; includeInIndex = 0; path = SkyEyeTests.xctest; sourceTree = BUILT_PRODUCTS_DIR; };
		8188468F18C26ACE00590ECA /* XCTest.framework */ = {isa = PBXFileReference; lastKnownFileType = wrapper.framework; name = XCTest.framework; path = Library/Frameworks/XCTest.framework; sourceTree = DEVELOPER_DIR; };
		8188469718C26ACE00590ECA /* SkyEyeTests-Info.plist */ = {isa = PBXFileReference; lastKnownFileType = text.plist.xml; path = "SkyEyeTests-Info.plist"; sourceTree = "<group>"; };
		8188469918C26ACE00590ECA /* en */ = {isa = PBXFileReference; lastKnownFileType = text.plist.strings; name = en; path = en.lproj/InfoPlist.strings; sourceTree = "<group>"; };
		8188469B18C26ACE00590ECA /* SkyEyeTests.m */ = {isa = PBXFileReference; lastKnownFileType = sourcecode.c.objc; path = SkyEyeTests.m; sourceTree = "<group>"; };
		C578106F18C284570018AFDF /* CoreBluetooth.framework */ = {isa = PBXFileReference; lastKnownFileType = wrapper.framework; name = CoreBluetooth.framework; path = System/Library/Frameworks/CoreBluetooth.framework; sourceTree = SDKROOT; };
		C578107118C284710018AFDF /* CoreData.framework */ = {isa = PBXFileReference; lastKnownFileType = wrapper.framework; name = CoreData.framework; path = System/Library/Frameworks/CoreData.framework; sourceTree = SDKROOT; };
		C578107218C284710018AFDF /* CoreLocation.framework */ = {isa = PBXFileReference; lastKnownFileType = wrapper.framework; name = CoreLocation.framework; path = System/Library/Frameworks/CoreLocation.framework; sourceTree = SDKROOT; };
		C578107518C286490018AFDF /* libz.dylib */ = {isa = PBXFileReference; lastKnownFileType = "compiled.mach-o.dylib"; name = libz.dylib; path = usr/lib/libz.dylib; sourceTree = SDKROOT; };
		C578107718C286550018AFDF /* MapKit.framework */ = {isa = PBXFileReference; lastKnownFileType = wrapper.framework; name = MapKit.framework; path = System/Library/Frameworks/MapKit.framework; sourceTree = SDKROOT; };
		C578107918C2865D0018AFDF /* Security.framework */ = {isa = PBXFileReference; lastKnownFileType = wrapper.framework; name = Security.framework; path = System/Library/Frameworks/Security.framework; sourceTree = SDKROOT; };
		C578109018C29A370018AFDF /* Common.framework */ = {isa = PBXFileReference; lastKnownFileType = wrapper.framework; path = Common.framework; sourceTree = "<group>"; };
		C578109318C29A370018AFDF /* ContextCore.framework */ = {isa = PBXFileReference; lastKnownFileType = wrapper.framework; path = ContextCore.framework; sourceTree = "<group>"; };
		C578109618C29A370018AFDF /* ContextLocation.framework */ = {isa = PBXFileReference; lastKnownFileType = wrapper.framework; path = ContextLocation.framework; sourceTree = "<group>"; };
		C578109818C29A370018AFDF /* DataModels.bundle */ = {isa = PBXFileReference; lastKnownFileType = "wrapper.plug-in"; path = DataModels.bundle; sourceTree = "<group>"; };
		C578109918C29A370018AFDF /* FYX.framework */ = {isa = PBXFileReference; lastKnownFileType = wrapper.framework; name = FYX.framework; path = gimbalSDK/FYX.framework; sourceTree = "<group>"; };
		C578109B18C29A370018AFDF /* NetworkServices.framework */ = {isa = PBXFileReference; lastKnownFileType = wrapper.framework; path = NetworkServices.framework; sourceTree = "<group>"; };
		C578109F18C29A700018AFDF /* Common.framework */ = {isa = PBXFileReference; lastKnownFileType = wrapper.framework; path = Common.framework; sourceTree = "<group>"; };
		C57810A218C29A700018AFDF /* ContextCore.framework */ = {isa = PBXFileReference; lastKnownFileType = wrapper.framework; path = ContextCore.framework; sourceTree = "<group>"; };
		C57810A518C29A700018AFDF /* ContextLocation.framework */ = {isa = PBXFileReference; lastKnownFileType = wrapper.framework; path = ContextLocation.framework; sourceTree = "<group>"; };
		C57810A718C29A700018AFDF /* DataModels.bundle */ = {isa = PBXFileReference; lastKnownFileType = "wrapper.plug-in"; path = DataModels.bundle; sourceTree = "<group>"; };
		C57810A918C29A700018AFDF /* NetworkServices.framework */ = {isa = PBXFileReference; lastKnownFileType = wrapper.framework; path = NetworkServices.framework; sourceTree = "<group>"; };
		C57810AC18C29A9D0018AFDF /* Common.framework */ = {isa = PBXFileReference; lastKnownFileType = wrapper.framework; path = Common.framework; sourceTree = "<group>"; };
		C57810AF18C29A9D0018AFDF /* ContextCore.framework */ = {isa = PBXFileReference; lastKnownFileType = wrapper.framework; path = ContextCore.framework; sourceTree = "<group>"; };
		C57810B218C29A9D0018AFDF /* ContextLocation.framework */ = {isa = PBXFileReference; lastKnownFileType = wrapper.framework; path = ContextLocation.framework; sourceTree = "<group>"; };
		C57810B418C29A9D0018AFDF /* DataModels.bundle */ = {isa = PBXFileReference; lastKnownFileType = "wrapper.plug-in"; path = DataModels.bundle; sourceTree = "<group>"; };
		C57810B518C29A9D0018AFDF /* FYX.framework */ = {isa = PBXFileReference; lastKnownFileType = wrapper.framework; name = FYX.framework; path = gimbalSDK/FYX.framework; sourceTree = "<group>"; };
		C57810B718C29A9D0018AFDF /* NetworkServices.framework */ = {isa = PBXFileReference; lastKnownFileType = wrapper.framework; path = NetworkServices.framework; sourceTree = "<group>"; };
/* End PBXFileReference section */

/* Begin PBXFrameworksBuildPhase section */
		8188466A18C26ACE00590ECA /* Frameworks */ = {
			isa = PBXFrameworksBuildPhase;
			buildActionMask = 2147483647;
			files = (
				C57810B918C29A9D0018AFDF /* Common.framework in Frameworks */,
				C57810BE18C29A9D0018AFDF /* NetworkServices.framework in Frameworks */,
				C57810BB18C29A9D0018AFDF /* ContextLocation.framework in Frameworks */,
				C578109D18C29A6F0018AFDF /* FYX.framework in Frameworks */,
				C578107A18C2865D0018AFDF /* Security.framework in Frameworks */,
				C57810BD18C29A9D0018AFDF /* FYX.framework in Frameworks */,
				C578107818C286550018AFDF /* MapKit.framework in Frameworks */,
				C578107618C2864A0018AFDF /* libz.dylib in Frameworks */,
				C578107318C284710018AFDF /* CoreData.framework in Frameworks */,
				C578107418C284710018AFDF /* CoreLocation.framework in Frameworks */,
				C57810BA18C29A9D0018AFDF /* ContextCore.framework in Frameworks */,
				C578107018C284570018AFDF /* CoreBluetooth.framework in Frameworks */,
				8188467318C26ACE00590ECA /* CoreGraphics.framework in Frameworks */,
				8188467518C26ACE00590ECA /* UIKit.framework in Frameworks */,
				8188467118C26ACE00590ECA /* Foundation.framework in Frameworks */,
			);
			runOnlyForDeploymentPostprocessing = 0;
		};
		8188468B18C26ACE00590ECA /* Frameworks */ = {
			isa = PBXFrameworksBuildPhase;
			buildActionMask = 2147483647;
			files = (
				8188469018C26ACE00590ECA /* XCTest.framework in Frameworks */,
				8188469218C26ACE00590ECA /* UIKit.framework in Frameworks */,
				8188469118C26ACE00590ECA /* Foundation.framework in Frameworks */,
			);
			runOnlyForDeploymentPostprocessing = 0;
		};
/* End PBXFrameworksBuildPhase section */

/* Begin PBXGroup section */
		8188466418C26ACE00590ECA = {
			isa = PBXGroup;
			children = (
				8188467618C26ACE00590ECA /* SkyEye */,
				8188469518C26ACE00590ECA /* SkyEyeTests */,
				8188466F18C26ACE00590ECA /* Frameworks */,
				8188466E18C26ACE00590ECA /* Products */,
			);
			sourceTree = "<group>";
		};
		8188466E18C26ACE00590ECA /* Products */ = {
			isa = PBXGroup;
			children = (
				8188466D18C26ACE00590ECA /* SkyEye.app */,
				8188468E18C26ACE00590ECA /* SkyEyeTests.xctest */,
			);
			name = Products;
			sourceTree = "<group>";
		};
		8188466F18C26ACE00590ECA /* Frameworks */ = {
			isa = PBXGroup;
			children = (
				C57810AB18C29A9D0018AFDF /* Common.embeddedframework */,
				C57810AE18C29A9D0018AFDF /* ContextCore.embeddedframework */,
				C57810B118C29A9D0018AFDF /* ContextLocation.embeddedframework */,
				C57810B518C29A9D0018AFDF /* FYX.framework */,
				C57810B618C29A9D0018AFDF /* NetworkServices.embeddedframework */,
				C578109E18C29A700018AFDF /* Common.embeddedframework */,
				C57810A118C29A700018AFDF /* ContextCore.embeddedframework */,
				C57810A418C29A700018AFDF /* ContextLocation.embeddedframework */,
				C57810A818C29A700018AFDF /* NetworkServices.embeddedframework */,
				C578108F18C29A370018AFDF /* Common.embeddedframework */,
				C578109218C29A370018AFDF /* ContextCore.embeddedframework */,
				C578109518C29A370018AFDF /* ContextLocation.embeddedframework */,
				C578109918C29A370018AFDF /* FYX.framework */,
				C578109A18C29A370018AFDF /* NetworkServices.embeddedframework */,
				C578107918C2865D0018AFDF /* Security.framework */,
				C578107718C286550018AFDF /* MapKit.framework */,
				C578107518C286490018AFDF /* libz.dylib */,
				C578107118C284710018AFDF /* CoreData.framework */,
				C578107218C284710018AFDF /* CoreLocation.framework */,
				C578106F18C284570018AFDF /* CoreBluetooth.framework */,
				8188467018C26ACE00590ECA /* Foundation.framework */,
				8188467218C26ACE00590ECA /* CoreGraphics.framework */,
				8188467418C26ACE00590ECA /* UIKit.framework */,
				8188468F18C26ACE00590ECA /* XCTest.framework */,
			);
			name = Frameworks;
			sourceTree = "<group>";
		};
		8188467618C26ACE00590ECA /* SkyEye */ = {
			isa = PBXGroup;
			children = (
				8188467F18C26ACE00590ECA /* SkyEyeAppDelegate.h */,
				8188468018C26ACE00590ECA /* SkyEyeAppDelegate.m */,
				8188468218C26ACE00590ECA /* Main.storyboard */,
				8188468518C26ACE00590ECA /* SkyEyeViewController.h */,
				8188468618C26ACE00590ECA /* SkyEyeViewController.m */,
				8188468818C26ACE00590ECA /* Images.xcassets */,
				8188467718C26ACE00590ECA /* Supporting Files */,
			);
			path = SkyEye;
			sourceTree = "<group>";
		};
		8188467718C26ACE00590ECA /* Supporting Files */ = {
			isa = PBXGroup;
			children = (
				8188467818C26ACE00590ECA /* SkyEye-Info.plist */,
				8188467918C26ACE00590ECA /* InfoPlist.strings */,
				8188467C18C26ACE00590ECA /* main.m */,
				8188467E18C26ACE00590ECA /* SkyEye-Prefix.pch */,
			);
			name = "Supporting Files";
			sourceTree = "<group>";
		};
		8188469518C26ACE00590ECA /* SkyEyeTests */ = {
			isa = PBXGroup;
			children = (
				8188469B18C26ACE00590ECA /* SkyEyeTests.m */,
				8188469618C26ACE00590ECA /* Supporting Files */,
			);
			path = SkyEyeTests;
			sourceTree = "<group>";
		};
		8188469618C26ACE00590ECA /* Supporting Files */ = {
			isa = PBXGroup;
			children = (
				8188469718C26ACE00590ECA /* SkyEyeTests-Info.plist */,
				8188469818C26ACE00590ECA /* InfoPlist.strings */,
			);
			name = "Supporting Files";
			sourceTree = "<group>";
		};
		C578108F18C29A370018AFDF /* Common.embeddedframework */ = {
			isa = PBXGroup;
			children = (
				C578109018C29A370018AFDF /* Common.framework */,
				C578109118C29A370018AFDF /* Resources */,
			);
			name = Common.embeddedframework;
			path = gimbalSDK/Common.embeddedframework;
			sourceTree = "<group>";
		};
		C578109118C29A370018AFDF /* Resources */ = {
			isa = PBXGroup;
			children = (
			);
			path = Resources;
			sourceTree = "<group>";
		};
		C578109218C29A370018AFDF /* ContextCore.embeddedframework */ = {
			isa = PBXGroup;
			children = (
				C578109318C29A370018AFDF /* ContextCore.framework */,
				C578109418C29A370018AFDF /* Resources */,
			);
			name = ContextCore.embeddedframework;
			path = gimbalSDK/ContextCore.embeddedframework;
			sourceTree = "<group>";
		};
		C578109418C29A370018AFDF /* Resources */ = {
			isa = PBXGroup;
			children = (
			);
			path = Resources;
			sourceTree = "<group>";
		};
		C578109518C29A370018AFDF /* ContextLocation.embeddedframework */ = {
			isa = PBXGroup;
			children = (
				C578109618C29A370018AFDF /* ContextLocation.framework */,
				C578109718C29A370018AFDF /* Resources */,
			);
			name = ContextLocation.embeddedframework;
			path = gimbalSDK/ContextLocation.embeddedframework;
			sourceTree = "<group>";
		};
		C578109718C29A370018AFDF /* Resources */ = {
			isa = PBXGroup;
			children = (
				C578109818C29A370018AFDF /* DataModels.bundle */,
			);
			path = Resources;
			sourceTree = "<group>";
		};
		C578109A18C29A370018AFDF /* NetworkServices.embeddedframework */ = {
			isa = PBXGroup;
			children = (
				C578109B18C29A370018AFDF /* NetworkServices.framework */,
				C578109C18C29A370018AFDF /* Resources */,
			);
			name = NetworkServices.embeddedframework;
			path = gimbalSDK/NetworkServices.embeddedframework;
			sourceTree = "<group>";
		};
		C578109C18C29A370018AFDF /* Resources */ = {
			isa = PBXGroup;
			children = (
			);
			path = Resources;
			sourceTree = "<group>";
		};
		C578109E18C29A700018AFDF /* Common.embeddedframework */ = {
			isa = PBXGroup;
			children = (
				C578109F18C29A700018AFDF /* Common.framework */,
				C57810A018C29A700018AFDF /* Resources */,
			);
			name = Common.embeddedframework;
			path = gimbalSDK/Common.embeddedframework;
			sourceTree = "<group>";
		};
		C57810A018C29A700018AFDF /* Resources */ = {
			isa = PBXGroup;
			children = (
			);
			path = Resources;
			sourceTree = "<group>";
		};
		C57810A118C29A700018AFDF /* ContextCore.embeddedframework */ = {
			isa = PBXGroup;
			children = (
				C57810A218C29A700018AFDF /* ContextCore.framework */,
				C57810A318C29A700018AFDF /* Resources */,
			);
			name = ContextCore.embeddedframework;
			path = gimbalSDK/ContextCore.embeddedframework;
			sourceTree = "<group>";
		};
		C57810A318C29A700018AFDF /* Resources */ = {
			isa = PBXGroup;
			children = (
			);
			path = Resources;
			sourceTree = "<group>";
		};
		C57810A418C29A700018AFDF /* ContextLocation.embeddedframework */ = {
			isa = PBXGroup;
			children = (
				C57810A518C29A700018AFDF /* ContextLocation.framework */,
				C57810A618C29A700018AFDF /* Resources */,
			);
			name = ContextLocation.embeddedframework;
			path = gimbalSDK/ContextLocation.embeddedframework;
			sourceTree = "<group>";
		};
		C57810A618C29A700018AFDF /* Resources */ = {
			isa = PBXGroup;
			children = (
				C57810A718C29A700018AFDF /* DataModels.bundle */,
			);
			path = Resources;
			sourceTree = "<group>";
		};
		C57810A818C29A700018AFDF /* NetworkServices.embeddedframework */ = {
			isa = PBXGroup;
			children = (
				C57810A918C29A700018AFDF /* NetworkServices.framework */,
				C57810AA18C29A700018AFDF /* Resources */,
			);
			name = NetworkServices.embeddedframework;
			path = gimbalSDK/NetworkServices.embeddedframework;
			sourceTree = "<group>";
		};
		C57810AA18C29A700018AFDF /* Resources */ = {
			isa = PBXGroup;
			children = (
			);
			path = Resources;
			sourceTree = "<group>";
		};
		C57810AB18C29A9D0018AFDF /* Common.embeddedframework */ = {
			isa = PBXGroup;
			children = (
				C57810AC18C29A9D0018AFDF /* Common.framework */,
				C57810AD18C29A9D0018AFDF /* Resources */,
			);
			name = Common.embeddedframework;
			path = gimbalSDK/Common.embeddedframework;
			sourceTree = "<group>";
		};
		C57810AD18C29A9D0018AFDF /* Resources */ = {
			isa = PBXGroup;
			children = (
			);
			path = Resources;
			sourceTree = "<group>";
		};
		C57810AE18C29A9D0018AFDF /* ContextCore.embeddedframework */ = {
			isa = PBXGroup;
			children = (
				C57810AF18C29A9D0018AFDF /* ContextCore.framework */,
				C57810B018C29A9D0018AFDF /* Resources */,
			);
			name = ContextCore.embeddedframework;
			path = gimbalSDK/ContextCore.embeddedframework;
			sourceTree = "<group>";
		};
		C57810B018C29A9D0018AFDF /* Resources */ = {
			isa = PBXGroup;
			children = (
			);
			path = Resources;
			sourceTree = "<group>";
		};
		C57810B118C29A9D0018AFDF /* ContextLocation.embeddedframework */ = {
			isa = PBXGroup;
			children = (
				C57810B218C29A9D0018AFDF /* ContextLocation.framework */,
				C57810B318C29A9D0018AFDF /* Resources */,
			);
			name = ContextLocation.embeddedframework;
			path = gimbalSDK/ContextLocation.embeddedframework;
			sourceTree = "<group>";
		};
		C57810B318C29A9D0018AFDF /* Resources */ = {
			isa = PBXGroup;
			children = (
				C57810B418C29A9D0018AFDF /* DataModels.bundle */,
			);
			path = Resources;
			sourceTree = "<group>";
		};
		C57810B618C29A9D0018AFDF /* NetworkServices.embeddedframework */ = {
			isa = PBXGroup;
			children = (
				C57810B718C29A9D0018AFDF /* NetworkServices.framework */,
				C57810B818C29A9D0018AFDF /* Resources */,
			);
			name = NetworkServices.embeddedframework;
			path = gimbalSDK/NetworkServices.embeddedframework;
			sourceTree = "<group>";
		};
		C57810B818C29A9D0018AFDF /* Resources */ = {
			isa = PBXGroup;
			children = (
			);
			path = Resources;
			sourceTree = "<group>";
		};
/* End PBXGroup section */

/* Begin PBXNativeTarget section */
		8188466C18C26ACE00590ECA /* SkyEye */ = {
			isa = PBXNativeTarget;
			buildConfigurationList = 8188469F18C26ACE00590ECA /* Build configuration list for PBXNativeTarget "SkyEye" */;
			buildPhases = (
				8188466918C26ACE00590ECA /* Sources */,
				8188466A18C26ACE00590ECA /* Frameworks */,
				8188466B18C26ACE00590ECA /* Resources */,
			);
			buildRules = (
			);
			dependencies = (
			);
			name = SkyEye;
			productName = SkyEye;
			productReference = 8188466D18C26ACE00590ECA /* SkyEye.app */;
			productType = "com.apple.product-type.application";
		};
		8188468D18C26ACE00590ECA /* SkyEyeTests */ = {
			isa = PBXNativeTarget;
			buildConfigurationList = 818846A218C26ACE00590ECA /* Build configuration list for PBXNativeTarget "SkyEyeTests" */;
			buildPhases = (
				8188468A18C26ACE00590ECA /* Sources */,
				8188468B18C26ACE00590ECA /* Frameworks */,
				8188468C18C26ACE00590ECA /* Resources */,
			);
			buildRules = (
			);
			dependencies = (
				8188469418C26ACE00590ECA /* PBXTargetDependency */,
			);
			name = SkyEyeTests;
			productName = SkyEyeTests;
			productReference = 8188468E18C26ACE00590ECA /* SkyEyeTests.xctest */;
			productType = "com.apple.product-type.bundle.unit-test";
		};
/* End PBXNativeTarget section */

/* Begin PBXProject section */
		8188466518C26ACE00590ECA /* Project object */ = {
			isa = PBXProject;
			attributes = {
				CLASSPREFIX = SkyEye;
				LastUpgradeCheck = 0500;
				ORGANIZATIONNAME = SkyEye;
				TargetAttributes = {
					8188468D18C26ACE00590ECA = {
						TestTargetID = 8188466C18C26ACE00590ECA;
					};
				};
			};
			buildConfigurationList = 8188466818C26ACE00590ECA /* Build configuration list for PBXProject "SkyEye" */;
			compatibilityVersion = "Xcode 3.2";
			developmentRegion = English;
			hasScannedForEncodings = 0;
			knownRegions = (
				en,
				Base,
			);
			mainGroup = 8188466418C26ACE00590ECA;
			productRefGroup = 8188466E18C26ACE00590ECA /* Products */;
			projectDirPath = "";
			projectRoot = "";
			targets = (
				8188466C18C26ACE00590ECA /* SkyEye */,
				8188468D18C26ACE00590ECA /* SkyEyeTests */,
			);
		};
/* End PBXProject section */

/* Begin PBXResourcesBuildPhase section */
		8188466B18C26ACE00590ECA /* Resources */ = {
			isa = PBXResourcesBuildPhase;
			buildActionMask = 2147483647;
			files = (
				8188468918C26ACE00590ECA /* Images.xcassets in Resources */,
				8188467B18C26ACE00590ECA /* InfoPlist.strings in Resources */,
				8188468418C26ACE00590ECA /* Main.storyboard in Resources */,
				C57810BC18C29A9D0018AFDF /* DataModels.bundle in Resources */,
			);
			runOnlyForDeploymentPostprocessing = 0;
		};
		8188468C18C26ACE00590ECA /* Resources */ = {
			isa = PBXResourcesBuildPhase;
			buildActionMask = 2147483647;
			files = (
				8188469A18C26ACE00590ECA /* InfoPlist.strings in Resources */,
			);
			runOnlyForDeploymentPostprocessing = 0;
		};
/* End PBXResourcesBuildPhase section */

/* Begin PBXSourcesBuildPhase section */
		8188466918C26ACE00590ECA /* Sources */ = {
			isa = PBXSourcesBuildPhase;
			buildActionMask = 2147483647;
			files = (
				8188468118C26ACE00590ECA /* SkyEyeAppDelegate.m in Sources */,
				8188467D18C26ACE00590ECA /* main.m in Sources */,
				8188468718C26ACE00590ECA /* SkyEyeViewController.m in Sources */,
			);
			runOnlyForDeploymentPostprocessing = 0;
		};
		8188468A18C26ACE00590ECA /* Sources */ = {
			isa = PBXSourcesBuildPhase;
			buildActionMask = 2147483647;
			files = (
				8188469C18C26ACE00590ECA /* SkyEyeTests.m in Sources */,
			);
			runOnlyForDeploymentPostprocessing = 0;
		};
/* End PBXSourcesBuildPhase section */

/* Begin PBXTargetDependency section */
		8188469418C26ACE00590ECA /* PBXTargetDependency */ = {
			isa = PBXTargetDependency;
			target = 8188466C18C26ACE00590ECA /* SkyEye */;
			targetProxy = 8188469318C26ACE00590ECA /* PBXContainerItemProxy */;
		};
/* End PBXTargetDependency section */

/* Begin PBXVariantGroup section */
		8188467918C26ACE00590ECA /* InfoPlist.strings */ = {
			isa = PBXVariantGroup;
			children = (
				8188467A18C26ACE00590ECA /* en */,
			);
			name = InfoPlist.strings;
			sourceTree = "<group>";
		};
		8188468218C26ACE00590ECA /* Main.storyboard */ = {
			isa = PBXVariantGroup;
			children = (
				8188468318C26ACE00590ECA /* Base */,
			);
			name = Main.storyboard;
			sourceTree = "<group>";
		};
		8188469818C26ACE00590ECA /* InfoPlist.strings */ = {
			isa = PBXVariantGroup;
			children = (
				8188469918C26ACE00590ECA /* en */,
			);
			name = InfoPlist.strings;
			sourceTree = "<group>";
		};
/* End PBXVariantGroup section */

/* Begin XCBuildConfiguration section */
		8188469D18C26ACE00590ECA /* Debug */ = {
			isa = XCBuildConfiguration;
			buildSettings = {
				ALWAYS_SEARCH_USER_PATHS = NO;
				ARCHS = "$(ARCHS_STANDARD_INCLUDING_64_BIT)";
				CLANG_CXX_LANGUAGE_STANDARD = "gnu++0x";
				CLANG_CXX_LIBRARY = "libc++";
				CLANG_ENABLE_MODULES = YES;
				CLANG_ENABLE_OBJC_ARC = YES;
				CLANG_WARN_BOOL_CONVERSION = YES;
				CLANG_WARN_CONSTANT_CONVERSION = YES;
				CLANG_WARN_DIRECT_OBJC_ISA_USAGE = YES_ERROR;
				CLANG_WARN_EMPTY_BODY = YES;
				CLANG_WARN_ENUM_CONVERSION = YES;
				CLANG_WARN_INT_CONVERSION = YES;
				CLANG_WARN_OBJC_ROOT_CLASS = YES_ERROR;
				CLANG_WARN__DUPLICATE_METHOD_MATCH = YES;
				"CODE_SIGN_IDENTITY[sdk=iphoneos*]" = "iPhone Developer";
				COPY_PHASE_STRIP = NO;
				GCC_C_LANGUAGE_STANDARD = gnu99;
				GCC_DYNAMIC_NO_PIC = NO;
				GCC_OPTIMIZATION_LEVEL = 0;
				GCC_PREPROCESSOR_DEFINITIONS = (
					"DEBUG=1",
					"$(inherited)",
				);
				GCC_SYMBOLS_PRIVATE_EXTERN = NO;
				GCC_WARN_64_TO_32_BIT_CONVERSION = YES;
				GCC_WARN_ABOUT_RETURN_TYPE = YES_ERROR;
				GCC_WARN_UNDECLARED_SELECTOR = YES;
				GCC_WARN_UNINITIALIZED_AUTOS = YES;
				GCC_WARN_UNUSED_FUNCTION = YES;
				GCC_WARN_UNUSED_VARIABLE = YES;
				IPHONEOS_DEPLOYMENT_TARGET = 7.0;
				ONLY_ACTIVE_ARCH = YES;
				SDKROOT = iphoneos;
			};
			name = Debug;
		};
		8188469E18C26ACE00590ECA /* Release */ = {
			isa = XCBuildConfiguration;
			buildSettings = {
				ALWAYS_SEARCH_USER_PATHS = NO;
				ARCHS = "$(ARCHS_STANDARD_INCLUDING_64_BIT)";
				CLANG_CXX_LANGUAGE_STANDARD = "gnu++0x";
				CLANG_CXX_LIBRARY = "libc++";
				CLANG_ENABLE_MODULES = YES;
				CLANG_ENABLE_OBJC_ARC = YES;
				CLANG_WARN_BOOL_CONVERSION = YES;
				CLANG_WARN_CONSTANT_CONVERSION = YES;
				CLANG_WARN_DIRECT_OBJC_ISA_USAGE = YES_ERROR;
				CLANG_WARN_EMPTY_BODY = YES;
				CLANG_WARN_ENUM_CONVERSION = YES;
				CLANG_WARN_INT_CONVERSION = YES;
				CLANG_WARN_OBJC_ROOT_CLASS = YES_ERROR;
				CLANG_WARN__DUPLICATE_METHOD_MATCH = YES;
				"CODE_SIGN_IDENTITY[sdk=iphoneos*]" = "iPhone Developer";
				COPY_PHASE_STRIP = YES;
				ENABLE_NS_ASSERTIONS = NO;
				GCC_C_LANGUAGE_STANDARD = gnu99;
				GCC_WARN_64_TO_32_BIT_CONVERSION = YES;
				GCC_WARN_ABOUT_RETURN_TYPE = YES_ERROR;
				GCC_WARN_UNDECLARED_SELECTOR = YES;
				GCC_WARN_UNINITIALIZED_AUTOS = YES;
				GCC_WARN_UNUSED_FUNCTION = YES;
				GCC_WARN_UNUSED_VARIABLE = YES;
				IPHONEOS_DEPLOYMENT_TARGET = 7.0;
				SDKROOT = iphoneos;
				VALIDATE_PRODUCT = YES;
			};
			name = Release;
		};
		818846A018C26ACE00590ECA /* Debug */ = {
			isa = XCBuildConfiguration;
			buildSettings = {
				ASSETCATALOG_COMPILER_APPICON_NAME = AppIcon;
				ASSETCATALOG_COMPILER_LAUNCHIMAGE_NAME = LaunchImage;
				FRAMEWORK_SEARCH_PATHS = (
					"$(inherited)",
					/Users/enric/Documents/iOS/iBeacon/SkyEye/Common.embeddedframework,
					/Users/enric/Documents/iOS/iBeacon/SkyEye/ContextCore.embeddedframework,
					/Users/enric/Documents/iOS/iBeacon/SkyEye/ContextLocation.embeddedframework,
					/Users/enric/Documents/iOS/iBeacon/SkyEye,
					/Users/enric/Documents/iOS/iBeacon/SkyEye/NetworkServices.embeddedframework,
					/Users/enric/Documents/iOS/iBeacon/SkyEye/gimbalSDK,
					/Users/enric/Documents/iOS/iBeacon/SkyEye/gimbalSDK/Common.embeddedframework,
					/Users/enric/Documents/iOS/iBeacon/SkyEye/gimbalSDK/ContextCore.embeddedframework,
					/Users/enric/Documents/iOS/iBeacon/SkyEye/gimbalSDK/ContextLocation.embeddedframework,
					/Users/enric/Documents/iOS/iBeacon/SkyEye/gimbalSDK/NetworkServices.embeddedframework,
				);
				GCC_PRECOMPILE_PREFIX_HEADER = YES;
				GCC_PREFIX_HEADER = "SkyEye/SkyEye-Prefix.pch";
				INFOPLIST_FILE = "SkyEye/SkyEye-Info.plist";
				PRODUCT_NAME = "$(TARGET_NAME)";
				WRAPPER_EXTENSION = app;
			};
			name = Debug;
		};
		818846A118C26ACE00590ECA /* Release */ = {
			isa = XCBuildConfiguration;
			buildSettings = {
				ASSETCATALOG_COMPILER_APPICON_NAME = AppIcon;
				ASSETCATALOG_COMPILER_LAUNCHIMAGE_NAME = LaunchImage;
				FRAMEWORK_SEARCH_PATHS = (
					"$(inherited)",
					/Users/enric/Documents/iOS/iBeacon/SkyEye/Common.embeddedframework,
					/Users/enric/Documents/iOS/iBeacon/SkyEye/ContextCore.embeddedframework,
					/Users/enric/Documents/iOS/iBeacon/SkyEye/ContextLocation.embeddedframework,
					/Users/enric/Documents/iOS/iBeacon/SkyEye,
					/Users/enric/Documents/iOS/iBeacon/SkyEye/NetworkServices.embeddedframework,
					/Users/enric/Documents/iOS/iBeacon/SkyEye/gimbalSDK,
					/Users/enric/Documents/iOS/iBeacon/SkyEye/gimbalSDK/Common.embeddedframework,
					/Users/enric/Documents/iOS/iBeacon/SkyEye/gimbalSDK/ContextCore.embeddedframework,
					/Users/enric/Documents/iOS/iBeacon/SkyEye/gimbalSDK/ContextLocation.embeddedframework,
					/Users/enric/Documents/iOS/iBeacon/SkyEye/gimbalSDK/NetworkServices.embeddedframework,
				);
				GCC_PRECOMPILE_PREFIX_HEADER = YES;
				GCC_PREFIX_HEADER = "SkyEye/SkyEye-Prefix.pch";
				INFOPLIST_FILE = "SkyEye/SkyEye-Info.plist";
				PRODUCT_NAME = "$(TARGET_NAME)";
				WRAPPER_EXTENSION = app;
			};
			name = Release;
		};
		818846A318C26ACE00590ECA /* Debug */ = {
			isa = XCBuildConfiguration;
			buildSettings = {
				ARCHS = "$(ARCHS_STANDARD_INCLUDING_64_BIT)";
				BUNDLE_LOADER = "$(BUILT_PRODUCTS_DIR)/SkyEye.app/SkyEye";
				FRAMEWORK_SEARCH_PATHS = (
					"$(SDKROOT)/Developer/Library/Frameworks",
					"$(inherited)",
					"$(DEVELOPER_FRAMEWORKS_DIR)",
				);
				GCC_PRECOMPILE_PREFIX_HEADER = YES;
				GCC_PREFIX_HEADER = "SkyEye/SkyEye-Prefix.pch";
				GCC_PREPROCESSOR_DEFINITIONS = (
					"DEBUG=1",
					"$(inherited)",
				);
				INFOPLIST_FILE = "SkyEyeTests/SkyEyeTests-Info.plist";
				PRODUCT_NAME = "$(TARGET_NAME)";
				TEST_HOST = "$(BUNDLE_LOADER)";
				WRAPPER_EXTENSION = xctest;
			};
			name = Debug;
		};
		818846A418C26ACE00590ECA /* Release */ = {
			isa = XCBuildConfiguration;
			buildSettings = {
				ARCHS = "$(ARCHS_STANDARD_INCLUDING_64_BIT)";
				BUNDLE_LOADER = "$(BUILT_PRODUCTS_DIR)/SkyEye.app/SkyEye";
				FRAMEWORK_SEARCH_PATHS = (
					"$(SDKROOT)/Developer/Library/Frameworks",
					"$(inherited)",
					"$(DEVELOPER_FRAMEWORKS_DIR)",
				);
				GCC_PRECOMPILE_PREFIX_HEADER = YES;
				GCC_PREFIX_HEADER = "SkyEye/SkyEye-Prefix.pch";
				INFOPLIST_FILE = "SkyEyeTests/SkyEyeTests-Info.plist";
				PRODUCT_NAME = "$(TARGET_NAME)";
				TEST_HOST = "$(BUNDLE_LOADER)";
				WRAPPER_EXTENSION = xctest;
			};
			name = Release;
		};
/* End XCBuildConfiguration section */

/* Begin XCConfigurationList section */
		8188466818C26ACE00590ECA /* Build configuration list for PBXProject "SkyEye" */ = {
			isa = XCConfigurationList;
			buildConfigurations = (
				8188469D18C26ACE00590ECA /* Debug */,
				8188469E18C26ACE00590ECA /* Release */,
			);
			defaultConfigurationIsVisible = 0;
			defaultConfigurationName = Release;
		};
		8188469F18C26ACE00590ECA /* Build configuration list for PBXNativeTarget "SkyEye" */ = {
			isa = XCConfigurationList;
			buildConfigurations = (
				818846A018C26ACE00590ECA /* Debug */,
				818846A118C26ACE00590ECA /* Release */,
			);
			defaultConfigurationIsVisible = 0;
			defaultConfigurationName = Release;
		};
		818846A218C26ACE00590ECA /* Build configuration list for PBXNativeTarget "SkyEyeTests" */ = {
			isa = XCConfigurationList;
			buildConfigurations = (
				818846A318C26ACE00590ECA /* Debug */,
				818846A418C26ACE00590ECA /* Release */,
			);
			defaultConfigurationIsVisible = 0;
			defaultConfigurationName = Release;
		};
/* End XCConfigurationList section */
	};
	rootObject = 8188466518C26ACE00590ECA /* Project object */;
}
