<?xml version="1.0" encoding="UTF-8"?>
<!DOCTYPE plist PUBLIC "-//Apple//DTD PLIST 1.0//EN" "http://www.apple.com/DTDs/PropertyList-1.0.dtd">
<plist version="1.0">
<dict>
	<key>archiveVersion</key>
	<string>1</string>
	<key>classes</key>
	<dict/>
	<key>objectVersion</key>
	<string>46</string>
	<key>objects</key>
	<dict>
		<key>3C926899359542FB82F160FB</key>
		<dict>
			<key>includeInIndex</key>
			<string>1</string>
			<key>isa</key>
			<string>PBXFileReference</string>
			<key>lastKnownFileType</key>
			<string>text.xcconfig</string>
			<key>name</key>
			<string>Pods.xcconfig</string>
			<key>path</key>
			<string>Pods/Pods.xcconfig</string>
			<key>sourceTree</key>
			<string>&lt;group&gt;</string>
		</dict>
		<key>7DD919BA653B4A3DBA897F15</key>
		<dict>
			<key>explicitFileType</key>
			<string>archive.ar</string>
			<key>includeInIndex</key>
			<string>0</string>
			<key>isa</key>
			<string>PBXFileReference</string>
			<key>path</key>
			<string>libPods.a</string>
			<key>sourceTree</key>
			<string>BUILT_PRODUCTS_DIR</string>
		</dict>
		<key>8188466418C26ACE00590ECA</key>
		<dict>
			<key>children</key>
			<array>
				<string>8188467618C26ACE00590ECA</string>
				<string>8188469518C26ACE00590ECA</string>
				<string>8188466F18C26ACE00590ECA</string>
				<string>8188466E18C26ACE00590ECA</string>
				<string>3C926899359542FB82F160FB</string>
			</array>
			<key>isa</key>
			<string>PBXGroup</string>
			<key>sourceTree</key>
			<string>&lt;group&gt;</string>
		</dict>
		<key>8188466518C26ACE00590ECA</key>
		<dict>
			<key>attributes</key>
			<dict>
				<key>CLASSPREFIX</key>
				<string>SkyEye</string>
				<key>LastUpgradeCheck</key>
				<string>0500</string>
				<key>ORGANIZATIONNAME</key>
				<string>SkyEye</string>
				<key>TargetAttributes</key>
				<dict>
					<key>8188468D18C26ACE00590ECA</key>
					<dict>
						<key>TestTargetID</key>
						<string>8188466C18C26ACE00590ECA</string>
					</dict>
				</dict>
			</dict>
			<key>buildConfigurationList</key>
			<string>8188466818C26ACE00590ECA</string>
			<key>compatibilityVersion</key>
			<string>Xcode 3.2</string>
			<key>developmentRegion</key>
			<string>English</string>
			<key>hasScannedForEncodings</key>
			<string>0</string>
			<key>isa</key>
			<string>PBXProject</string>
			<key>knownRegions</key>
			<array>
				<string>en</string>
				<string>Base</string>
			</array>
			<key>mainGroup</key>
			<string>8188466418C26ACE00590ECA</string>
			<key>productRefGroup</key>
			<string>8188466E18C26ACE00590ECA</string>
			<key>projectDirPath</key>
			<string></string>
			<key>projectReferences</key>
			<array/>
			<key>projectRoot</key>
			<string></string>
			<key>targets</key>
			<array>
				<string>8188466C18C26ACE00590ECA</string>
				<string>8188468D18C26ACE00590ECA</string>
			</array>
		</dict>
		<key>8188466818C26ACE00590ECA</key>
		<dict>
			<key>buildConfigurations</key>
			<array>
				<string>8188469D18C26ACE00590ECA</string>
				<string>8188469E18C26ACE00590ECA</string>
			</array>
			<key>defaultConfigurationIsVisible</key>
			<string>0</string>
			<key>defaultConfigurationName</key>
			<string>Release</string>
			<key>isa</key>
			<string>XCConfigurationList</string>
		</dict>
		<key>8188466918C26ACE00590ECA</key>
		<dict>
			<key>buildActionMask</key>
			<string>2147483647</string>
			<key>files</key>
			<array>
				<string>8188468118C26ACE00590ECA</string>
				<string>8188467D18C26ACE00590ECA</string>
				<string>8188468718C26ACE00590ECA</string>
			</array>
			<key>isa</key>
			<string>PBXSourcesBuildPhase</string>
			<key>runOnlyForDeploymentPostprocessing</key>
			<string>0</string>
		</dict>
		<key>8188466A18C26ACE00590ECA</key>
		<dict>
			<key>buildActionMask</key>
			<string>2147483647</string>
			<key>files</key>
			<array>
				<string>C57810B918C29A9D0018AFDF</string>
				<string>C57810BE18C29A9D0018AFDF</string>
				<string>C57810BB18C29A9D0018AFDF</string>
				<string>C578107A18C2865D0018AFDF</string>
				<string>C57810BD18C29A9D0018AFDF</string>
				<string>C578107818C286550018AFDF</string>
				<string>C578107618C2864A0018AFDF</string>
				<string>C578107318C284710018AFDF</string>
				<string>C578107418C284710018AFDF</string>
				<string>C57810BA18C29A9D0018AFDF</string>
				<string>C578107018C284570018AFDF</string>
				<string>8188467318C26ACE00590ECA</string>
				<string>8188467518C26ACE00590ECA</string>
				<string>8188467118C26ACE00590ECA</string>
				<string>A5815496B69348C28816964C</string>
			</array>
			<key>isa</key>
			<string>PBXFrameworksBuildPhase</string>
			<key>runOnlyForDeploymentPostprocessing</key>
			<string>0</string>
		</dict>
		<key>8188466B18C26ACE00590ECA</key>
		<dict>
			<key>buildActionMask</key>
			<string>2147483647</string>
			<key>files</key>
			<array>
				<string>8188468918C26ACE00590ECA</string>
				<string>8188467B18C26ACE00590ECA</string>
				<string>8188468418C26ACE00590ECA</string>
				<string>C57810BC18C29A9D0018AFDF</string>
			</array>
			<key>isa</key>
			<string>PBXResourcesBuildPhase</string>
			<key>runOnlyForDeploymentPostprocessing</key>
			<string>0</string>
		</dict>
		<key>8188466C18C26ACE00590ECA</key>
		<dict>
			<key>buildConfigurationList</key>
			<string>8188469F18C26ACE00590ECA</string>
			<key>buildPhases</key>
			<array>
				<string>AA87EBDD3F7A42C38833424B</string>
				<string>8188466918C26ACE00590ECA</string>
				<string>8188466A18C26ACE00590ECA</string>
				<string>8188466B18C26ACE00590ECA</string>
				<string>A6B52DDCF2AC4435B650B918</string>
			</array>
			<key>buildRules</key>
			<array/>
			<key>dependencies</key>
			<array/>
			<key>isa</key>
			<string>PBXNativeTarget</string>
			<key>name</key>
			<string>SkyEye</string>
			<key>productName</key>
			<string>SkyEye</string>
			<key>productReference</key>
			<string>8188466D18C26ACE00590ECA</string>
			<key>productType</key>
			<string>com.apple.product-type.application</string>
		</dict>
		<key>8188466D18C26ACE00590ECA</key>
		<dict>
			<key>explicitFileType</key>
			<string>wrapper.application</string>
			<key>includeInIndex</key>
			<string>0</string>
			<key>isa</key>
			<string>PBXFileReference</string>
			<key>path</key>
			<string>SkyEye.app</string>
			<key>sourceTree</key>
			<string>BUILT_PRODUCTS_DIR</string>
		</dict>
		<key>8188466E18C26ACE00590ECA</key>
		<dict>
			<key>children</key>
			<array>
				<string>8188466D18C26ACE00590ECA</string>
				<string>8188468E18C26ACE00590ECA</string>
			</array>
			<key>isa</key>
			<string>PBXGroup</string>
			<key>name</key>
			<string>Products</string>
			<key>sourceTree</key>
			<string>&lt;group&gt;</string>
		</dict>
		<key>8188466F18C26ACE00590ECA</key>
		<dict>
			<key>children</key>
			<array>
				<string>C57810AB18C29A9D0018AFDF</string>
				<string>C57810AE18C29A9D0018AFDF</string>
				<string>C57810B118C29A9D0018AFDF</string>
				<string>C57810B518C29A9D0018AFDF</string>
				<string>C57810B618C29A9D0018AFDF</string>
				<string>C578107918C2865D0018AFDF</string>
				<string>C578107718C286550018AFDF</string>
				<string>C578107518C286490018AFDF</string>
				<string>C578107118C284710018AFDF</string>
				<string>C578107218C284710018AFDF</string>
				<string>C578106F18C284570018AFDF</string>
				<string>8188467018C26ACE00590ECA</string>
				<string>8188467218C26ACE00590ECA</string>
				<string>8188467418C26ACE00590ECA</string>
				<string>8188468F18C26ACE00590ECA</string>
				<string>7DD919BA653B4A3DBA897F15</string>
			</array>
			<key>isa</key>
			<string>PBXGroup</string>
			<key>name</key>
			<string>Frameworks</string>
			<key>sourceTree</key>
			<string>&lt;group&gt;</string>
		</dict>
		<key>8188467018C26ACE00590ECA</key>
		<dict>
			<key>isa</key>
			<string>PBXFileReference</string>
			<key>lastKnownFileType</key>
			<string>wrapper.framework</string>
			<key>name</key>
			<string>Foundation.framework</string>
			<key>path</key>
			<string>System/Library/Frameworks/Foundation.framework</string>
			<key>sourceTree</key>
			<string>SDKROOT</string>
		</dict>
		<key>8188467118C26ACE00590ECA</key>
		<dict>
			<key>fileRef</key>
			<string>8188467018C26ACE00590ECA</string>
			<key>isa</key>
			<string>PBXBuildFile</string>
		</dict>
		<key>8188467218C26ACE00590ECA</key>
		<dict>
			<key>isa</key>
			<string>PBXFileReference</string>
			<key>lastKnownFileType</key>
			<string>wrapper.framework</string>
			<key>name</key>
			<string>CoreGraphics.framework</string>
			<key>path</key>
			<string>System/Library/Frameworks/CoreGraphics.framework</string>
			<key>sourceTree</key>
			<string>SDKROOT</string>
		</dict>
		<key>8188467318C26ACE00590ECA</key>
		<dict>
			<key>fileRef</key>
			<string>8188467218C26ACE00590ECA</string>
			<key>isa</key>
			<string>PBXBuildFile</string>
		</dict>
		<key>8188467418C26ACE00590ECA</key>
		<dict>
			<key>isa</key>
			<string>PBXFileReference</string>
			<key>lastKnownFileType</key>
			<string>wrapper.framework</string>
			<key>name</key>
			<string>UIKit.framework</string>
			<key>path</key>
			<string>System/Library/Frameworks/UIKit.framework</string>
			<key>sourceTree</key>
			<string>SDKROOT</string>
		</dict>
		<key>8188467518C26ACE00590ECA</key>
		<dict>
			<key>fileRef</key>
			<string>8188467418C26ACE00590ECA</string>
			<key>isa</key>
			<string>PBXBuildFile</string>
		</dict>
		<key>8188467618C26ACE00590ECA</key>
		<dict>
			<key>children</key>
			<array>
				<string>8188467F18C26ACE00590ECA</string>
				<string>8188468018C26ACE00590ECA</string>
				<string>8188468218C26ACE00590ECA</string>
				<string>8188468518C26ACE00590ECA</string>
				<string>8188468618C26ACE00590ECA</string>
				<string>8188468818C26ACE00590ECA</string>
				<string>8188467718C26ACE00590ECA</string>
			</array>
			<key>isa</key>
			<string>PBXGroup</string>
			<key>path</key>
			<string>SkyEye</string>
			<key>sourceTree</key>
			<string>&lt;group&gt;</string>
		</dict>
		<key>8188467718C26ACE00590ECA</key>
		<dict>
			<key>children</key>
			<array>
				<string>8188467818C26ACE00590ECA</string>
				<string>8188467918C26ACE00590ECA</string>
				<string>8188467C18C26ACE00590ECA</string>
				<string>8188467E18C26ACE00590ECA</string>
			</array>
			<key>isa</key>
			<string>PBXGroup</string>
			<key>name</key>
			<string>Supporting Files</string>
			<key>sourceTree</key>
			<string>&lt;group&gt;</string>
		</dict>
		<key>8188467818C26ACE00590ECA</key>
		<dict>
			<key>isa</key>
			<string>PBXFileReference</string>
			<key>lastKnownFileType</key>
			<string>text.plist.xml</string>
			<key>path</key>
			<string>SkyEye-Info.plist</string>
			<key>sourceTree</key>
			<string>&lt;group&gt;</string>
		</dict>
		<key>8188467918C26ACE00590ECA</key>
		<dict>
			<key>children</key>
			<array>
				<string>8188467A18C26ACE00590ECA</string>
			</array>
			<key>isa</key>
			<string>PBXVariantGroup</string>
			<key>name</key>
			<string>InfoPlist.strings</string>
			<key>sourceTree</key>
			<string>&lt;group&gt;</string>
		</dict>
		<key>8188467A18C26ACE00590ECA</key>
		<dict>
			<key>isa</key>
			<string>PBXFileReference</string>
			<key>lastKnownFileType</key>
			<string>text.plist.strings</string>
			<key>name</key>
			<string>en</string>
			<key>path</key>
			<string>en.lproj/InfoPlist.strings</string>
			<key>sourceTree</key>
			<string>&lt;group&gt;</string>
		</dict>
		<key>8188467B18C26ACE00590ECA</key>
		<dict>
			<key>fileRef</key>
			<string>8188467918C26ACE00590ECA</string>
			<key>isa</key>
			<string>PBXBuildFile</string>
		</dict>
		<key>8188467C18C26ACE00590ECA</key>
		<dict>
			<key>isa</key>
			<string>PBXFileReference</string>
			<key>lastKnownFileType</key>
			<string>sourcecode.c.objc</string>
			<key>path</key>
			<string>main.m</string>
			<key>sourceTree</key>
			<string>&lt;group&gt;</string>
		</dict>
		<key>8188467D18C26ACE00590ECA</key>
		<dict>
			<key>fileRef</key>
			<string>8188467C18C26ACE00590ECA</string>
			<key>isa</key>
			<string>PBXBuildFile</string>
		</dict>
		<key>8188467E18C26ACE00590ECA</key>
		<dict>
			<key>isa</key>
			<string>PBXFileReference</string>
			<key>lastKnownFileType</key>
			<string>sourcecode.c.h</string>
			<key>path</key>
			<string>SkyEye-Prefix.pch</string>
			<key>sourceTree</key>
			<string>&lt;group&gt;</string>
		</dict>
		<key>8188467F18C26ACE00590ECA</key>
		<dict>
			<key>isa</key>
			<string>PBXFileReference</string>
			<key>lastKnownFileType</key>
			<string>sourcecode.c.h</string>
			<key>path</key>
			<string>SkyEyeAppDelegate.h</string>
			<key>sourceTree</key>
			<string>&lt;group&gt;</string>
		</dict>
		<key>8188468018C26ACE00590ECA</key>
		<dict>
			<key>isa</key>
			<string>PBXFileReference</string>
			<key>lastKnownFileType</key>
			<string>sourcecode.c.objc</string>
			<key>path</key>
			<string>SkyEyeAppDelegate.m</string>
			<key>sourceTree</key>
			<string>&lt;group&gt;</string>
		</dict>
		<key>8188468118C26ACE00590ECA</key>
		<dict>
			<key>fileRef</key>
			<string>8188468018C26ACE00590ECA</string>
			<key>isa</key>
			<string>PBXBuildFile</string>
		</dict>
		<key>8188468218C26ACE00590ECA</key>
		<dict>
			<key>children</key>
			<array>
				<string>8188468318C26ACE00590ECA</string>
			</array>
			<key>isa</key>
			<string>PBXVariantGroup</string>
			<key>name</key>
			<string>Main.storyboard</string>
			<key>sourceTree</key>
			<string>&lt;group&gt;</string>
		</dict>
		<key>8188468318C26ACE00590ECA</key>
		<dict>
			<key>isa</key>
			<string>PBXFileReference</string>
			<key>lastKnownFileType</key>
			<string>file.storyboard</string>
			<key>name</key>
			<string>Base</string>
			<key>path</key>
			<string>Base.lproj/Main.storyboard</string>
			<key>sourceTree</key>
			<string>&lt;group&gt;</string>
		</dict>
		<key>8188468418C26ACE00590ECA</key>
		<dict>
			<key>fileRef</key>
			<string>8188468218C26ACE00590ECA</string>
			<key>isa</key>
			<string>PBXBuildFile</string>
		</dict>
		<key>8188468518C26ACE00590ECA</key>
		<dict>
			<key>isa</key>
			<string>PBXFileReference</string>
			<key>lastKnownFileType</key>
			<string>sourcecode.c.h</string>
			<key>path</key>
			<string>SkyEyeViewController.h</string>
			<key>sourceTree</key>
			<string>&lt;group&gt;</string>
		</dict>
		<key>8188468618C26ACE00590ECA</key>
		<dict>
			<key>isa</key>
			<string>PBXFileReference</string>
			<key>lastKnownFileType</key>
			<string>sourcecode.c.objc</string>
			<key>path</key>
			<string>SkyEyeViewController.m</string>
			<key>sourceTree</key>
			<string>&lt;group&gt;</string>
		</dict>
		<key>8188468718C26ACE00590ECA</key>
		<dict>
			<key>fileRef</key>
			<string>8188468618C26ACE00590ECA</string>
			<key>isa</key>
			<string>PBXBuildFile</string>
		</dict>
		<key>8188468818C26ACE00590ECA</key>
		<dict>
			<key>isa</key>
			<string>PBXFileReference</string>
			<key>lastKnownFileType</key>
			<string>folder.assetcatalog</string>
			<key>path</key>
			<string>Images.xcassets</string>
			<key>sourceTree</key>
			<string>&lt;group&gt;</string>
		</dict>
		<key>8188468918C26ACE00590ECA</key>
		<dict>
			<key>fileRef</key>
			<string>8188468818C26ACE00590ECA</string>
			<key>isa</key>
			<string>PBXBuildFile</string>
		</dict>
		<key>8188468A18C26ACE00590ECA</key>
		<dict>
			<key>buildActionMask</key>
			<string>2147483647</string>
			<key>files</key>
			<array>
				<string>8188469C18C26ACE00590ECA</string>
			</array>
			<key>isa</key>
			<string>PBXSourcesBuildPhase</string>
			<key>runOnlyForDeploymentPostprocessing</key>
			<string>0</string>
		</dict>
		<key>8188468B18C26ACE00590ECA</key>
		<dict>
			<key>buildActionMask</key>
			<string>2147483647</string>
			<key>files</key>
			<array>
				<string>8188469018C26ACE00590ECA</string>
				<string>8188469218C26ACE00590ECA</string>
				<string>8188469118C26ACE00590ECA</string>
			</array>
			<key>isa</key>
			<string>PBXFrameworksBuildPhase</string>
			<key>runOnlyForDeploymentPostprocessing</key>
			<string>0</string>
		</dict>
		<key>8188468C18C26ACE00590ECA</key>
		<dict>
			<key>buildActionMask</key>
			<string>2147483647</string>
			<key>files</key>
			<array>
				<string>8188469A18C26ACE00590ECA</string>
			</array>
			<key>isa</key>
			<string>PBXResourcesBuildPhase</string>
			<key>runOnlyForDeploymentPostprocessing</key>
			<string>0</string>
		</dict>
		<key>8188468D18C26ACE00590ECA</key>
		<dict>
			<key>buildConfigurationList</key>
			<string>818846A218C26ACE00590ECA</string>
			<key>buildPhases</key>
			<array>
				<string>8188468A18C26ACE00590ECA</string>
				<string>8188468B18C26ACE00590ECA</string>
				<string>8188468C18C26ACE00590ECA</string>
			</array>
			<key>buildRules</key>
			<array/>
			<key>dependencies</key>
			<array>
				<string>8188469418C26ACE00590ECA</string>
			</array>
			<key>isa</key>
			<string>PBXNativeTarget</string>
			<key>name</key>
			<string>SkyEyeTests</string>
			<key>productName</key>
			<string>SkyEyeTests</string>
			<key>productReference</key>
			<string>8188468E18C26ACE00590ECA</string>
			<key>productType</key>
			<string>com.apple.product-type.bundle.unit-test</string>
		</dict>
		<key>8188468E18C26ACE00590ECA</key>
		<dict>
			<key>explicitFileType</key>
			<string>wrapper.cfbundle</string>
			<key>includeInIndex</key>
			<string>0</string>
			<key>isa</key>
			<string>PBXFileReference</string>
			<key>path</key>
			<string>SkyEyeTests.xctest</string>
			<key>sourceTree</key>
			<string>BUILT_PRODUCTS_DIR</string>
		</dict>
		<key>8188468F18C26ACE00590ECA</key>
		<dict>
			<key>isa</key>
			<string>PBXFileReference</string>
			<key>lastKnownFileType</key>
			<string>wrapper.framework</string>
			<key>name</key>
			<string>XCTest.framework</string>
			<key>path</key>
			<string>Library/Frameworks/XCTest.framework</string>
			<key>sourceTree</key>
			<string>DEVELOPER_DIR</string>
		</dict>
		<key>8188469018C26ACE00590ECA</key>
		<dict>
			<key>fileRef</key>
			<string>8188468F18C26ACE00590ECA</string>
			<key>isa</key>
			<string>PBXBuildFile</string>
		</dict>
		<key>8188469118C26ACE00590ECA</key>
		<dict>
			<key>fileRef</key>
			<string>8188467018C26ACE00590ECA</string>
			<key>isa</key>
			<string>PBXBuildFile</string>
		</dict>
		<key>8188469218C26ACE00590ECA</key>
		<dict>
			<key>fileRef</key>
			<string>8188467418C26ACE00590ECA</string>
			<key>isa</key>
			<string>PBXBuildFile</string>
		</dict>
		<key>8188469318C26ACE00590ECA</key>
		<dict>
			<key>containerPortal</key>
			<string>8188466518C26ACE00590ECA</string>
			<key>isa</key>
			<string>PBXContainerItemProxy</string>
			<key>proxyType</key>
			<string>1</string>
			<key>remoteGlobalIDString</key>
			<string>8188466C18C26ACE00590ECA</string>
			<key>remoteInfo</key>
			<string>SkyEye</string>
		</dict>
		<key>8188469418C26ACE00590ECA</key>
		<dict>
			<key>isa</key>
			<string>PBXTargetDependency</string>
			<key>target</key>
			<string>8188466C18C26ACE00590ECA</string>
			<key>targetProxy</key>
			<string>8188469318C26ACE00590ECA</string>
		</dict>
		<key>8188469518C26ACE00590ECA</key>
		<dict>
			<key>children</key>
			<array>
				<string>8188469B18C26ACE00590ECA</string>
				<string>8188469618C26ACE00590ECA</string>
			</array>
			<key>isa</key>
			<string>PBXGroup</string>
			<key>path</key>
			<string>SkyEyeTests</string>
			<key>sourceTree</key>
			<string>&lt;group&gt;</string>
		</dict>
		<key>8188469618C26ACE00590ECA</key>
		<dict>
			<key>children</key>
			<array>
				<string>8188469718C26ACE00590ECA</string>
				<string>8188469818C26ACE00590ECA</string>
			</array>
			<key>isa</key>
			<string>PBXGroup</string>
			<key>name</key>
			<string>Supporting Files</string>
			<key>sourceTree</key>
			<string>&lt;group&gt;</string>
		</dict>
		<key>8188469718C26ACE00590ECA</key>
		<dict>
			<key>isa</key>
			<string>PBXFileReference</string>
			<key>lastKnownFileType</key>
			<string>text.plist.xml</string>
			<key>path</key>
			<string>SkyEyeTests-Info.plist</string>
			<key>sourceTree</key>
			<string>&lt;group&gt;</string>
		</dict>
		<key>8188469818C26ACE00590ECA</key>
		<dict>
			<key>children</key>
			<array>
				<string>8188469918C26ACE00590ECA</string>
			</array>
			<key>isa</key>
			<string>PBXVariantGroup</string>
			<key>name</key>
			<string>InfoPlist.strings</string>
			<key>sourceTree</key>
			<string>&lt;group&gt;</string>
		</dict>
		<key>8188469918C26ACE00590ECA</key>
		<dict>
			<key>isa</key>
			<string>PBXFileReference</string>
			<key>lastKnownFileType</key>
			<string>text.plist.strings</string>
			<key>name</key>
			<string>en</string>
			<key>path</key>
			<string>en.lproj/InfoPlist.strings</string>
			<key>sourceTree</key>
			<string>&lt;group&gt;</string>
		</dict>
		<key>8188469A18C26ACE00590ECA</key>
		<dict>
			<key>fileRef</key>
			<string>8188469818C26ACE00590ECA</string>
			<key>isa</key>
			<string>PBXBuildFile</string>
		</dict>
		<key>8188469B18C26ACE00590ECA</key>
		<dict>
			<key>isa</key>
			<string>PBXFileReference</string>
			<key>lastKnownFileType</key>
			<string>sourcecode.c.objc</string>
			<key>path</key>
			<string>SkyEyeTests.m</string>
			<key>sourceTree</key>
			<string>&lt;group&gt;</string>
		</dict>
		<key>8188469C18C26ACE00590ECA</key>
		<dict>
			<key>fileRef</key>
			<string>8188469B18C26ACE00590ECA</string>
			<key>isa</key>
			<string>PBXBuildFile</string>
		</dict>
		<key>8188469D18C26ACE00590ECA</key>
		<dict>
			<key>buildSettings</key>
			<dict>
				<key>ALWAYS_SEARCH_USER_PATHS</key>
				<string>NO</string>
				<key>ARCHS</key>
				<string>$(ARCHS_STANDARD_INCLUDING_64_BIT)</string>
				<key>CLANG_CXX_LANGUAGE_STANDARD</key>
				<string>gnu++0x</string>
				<key>CLANG_CXX_LIBRARY</key>
				<string>libc++</string>
				<key>CLANG_ENABLE_MODULES</key>
				<string>YES</string>
				<key>CLANG_ENABLE_OBJC_ARC</key>
				<string>YES</string>
				<key>CLANG_WARN_BOOL_CONVERSION</key>
				<string>YES</string>
				<key>CLANG_WARN_CONSTANT_CONVERSION</key>
				<string>YES</string>
				<key>CLANG_WARN_DIRECT_OBJC_ISA_USAGE</key>
				<string>YES_ERROR</string>
				<key>CLANG_WARN_EMPTY_BODY</key>
				<string>YES</string>
				<key>CLANG_WARN_ENUM_CONVERSION</key>
				<string>YES</string>
				<key>CLANG_WARN_INT_CONVERSION</key>
				<string>YES</string>
				<key>CLANG_WARN_OBJC_ROOT_CLASS</key>
				<string>YES_ERROR</string>
				<key>CLANG_WARN__DUPLICATE_METHOD_MATCH</key>
				<string>YES</string>
				<key>CODE_SIGN_IDENTITY[sdk=iphoneos*]</key>
				<string>iPhone Developer</string>
				<key>COPY_PHASE_STRIP</key>
				<string>NO</string>
				<key>GCC_C_LANGUAGE_STANDARD</key>
				<string>gnu99</string>
				<key>GCC_DYNAMIC_NO_PIC</key>
				<string>NO</string>
				<key>GCC_OPTIMIZATION_LEVEL</key>
				<string>0</string>
				<key>GCC_PREPROCESSOR_DEFINITIONS</key>
				<array>
					<string>DEBUG=1</string>
					<string>$(inherited)</string>
				</array>
				<key>GCC_SYMBOLS_PRIVATE_EXTERN</key>
				<string>NO</string>
				<key>GCC_WARN_64_TO_32_BIT_CONVERSION</key>
				<string>YES</string>
				<key>GCC_WARN_ABOUT_RETURN_TYPE</key>
				<string>YES_ERROR</string>
				<key>GCC_WARN_UNDECLARED_SELECTOR</key>
				<string>YES</string>
				<key>GCC_WARN_UNINITIALIZED_AUTOS</key>
				<string>YES</string>
				<key>GCC_WARN_UNUSED_FUNCTION</key>
				<string>YES</string>
				<key>GCC_WARN_UNUSED_VARIABLE</key>
				<string>YES</string>
				<key>IPHONEOS_DEPLOYMENT_TARGET</key>
				<string>7.0</string>
				<key>ONLY_ACTIVE_ARCH</key>
				<string>YES</string>
				<key>SDKROOT</key>
				<string>iphoneos</string>
			</dict>
			<key>isa</key>
			<string>XCBuildConfiguration</string>
			<key>name</key>
			<string>Debug</string>
		</dict>
		<key>8188469E18C26ACE00590ECA</key>
		<dict>
			<key>buildSettings</key>
			<dict>
				<key>ALWAYS_SEARCH_USER_PATHS</key>
				<string>NO</string>
				<key>ARCHS</key>
				<string>$(ARCHS_STANDARD_INCLUDING_64_BIT)</string>
				<key>CLANG_CXX_LANGUAGE_STANDARD</key>
				<string>gnu++0x</string>
				<key>CLANG_CXX_LIBRARY</key>
				<string>libc++</string>
				<key>CLANG_ENABLE_MODULES</key>
				<string>YES</string>
				<key>CLANG_ENABLE_OBJC_ARC</key>
				<string>YES</string>
				<key>CLANG_WARN_BOOL_CONVERSION</key>
				<string>YES</string>
				<key>CLANG_WARN_CONSTANT_CONVERSION</key>
				<string>YES</string>
				<key>CLANG_WARN_DIRECT_OBJC_ISA_USAGE</key>
				<string>YES_ERROR</string>
				<key>CLANG_WARN_EMPTY_BODY</key>
				<string>YES</string>
				<key>CLANG_WARN_ENUM_CONVERSION</key>
				<string>YES</string>
				<key>CLANG_WARN_INT_CONVERSION</key>
				<string>YES</string>
				<key>CLANG_WARN_OBJC_ROOT_CLASS</key>
				<string>YES_ERROR</string>
				<key>CLANG_WARN__DUPLICATE_METHOD_MATCH</key>
				<string>YES</string>
				<key>CODE_SIGN_IDENTITY[sdk=iphoneos*]</key>
				<string>iPhone Developer</string>
				<key>COPY_PHASE_STRIP</key>
				<string>YES</string>
				<key>ENABLE_NS_ASSERTIONS</key>
				<string>NO</string>
				<key>GCC_C_LANGUAGE_STANDARD</key>
				<string>gnu99</string>
				<key>GCC_WARN_64_TO_32_BIT_CONVERSION</key>
				<string>YES</string>
				<key>GCC_WARN_ABOUT_RETURN_TYPE</key>
				<string>YES_ERROR</string>
				<key>GCC_WARN_UNDECLARED_SELECTOR</key>
				<string>YES</string>
				<key>GCC_WARN_UNINITIALIZED_AUTOS</key>
				<string>YES</string>
				<key>GCC_WARN_UNUSED_FUNCTION</key>
				<string>YES</string>
				<key>GCC_WARN_UNUSED_VARIABLE</key>
				<string>YES</string>
				<key>IPHONEOS_DEPLOYMENT_TARGET</key>
				<string>7.0</string>
				<key>SDKROOT</key>
				<string>iphoneos</string>
				<key>VALIDATE_PRODUCT</key>
				<string>YES</string>
			</dict>
			<key>isa</key>
			<string>XCBuildConfiguration</string>
			<key>name</key>
			<string>Release</string>
		</dict>
		<key>8188469F18C26ACE00590ECA</key>
		<dict>
			<key>buildConfigurations</key>
			<array>
				<string>818846A018C26ACE00590ECA</string>
				<string>818846A118C26ACE00590ECA</string>
			</array>
			<key>defaultConfigurationIsVisible</key>
			<string>0</string>
			<key>defaultConfigurationName</key>
			<string>Release</string>
			<key>isa</key>
			<string>XCConfigurationList</string>
		</dict>
		<key>818846A018C26ACE00590ECA</key>
		<dict>
			<key>baseConfigurationReference</key>
			<string>3C926899359542FB82F160FB</string>
			<key>buildSettings</key>
			<dict>
				<key>ASSETCATALOG_COMPILER_APPICON_NAME</key>
				<string>AppIcon</string>
				<key>ASSETCATALOG_COMPILER_LAUNCHIMAGE_NAME</key>
				<string>LaunchImage</string>
				<key>CODE_SIGN_IDENTITY</key>
				<string>iPhone Developer</string>
				<key>FRAMEWORK_SEARCH_PATHS</key>
				<array>
					<string>$(inherited)</string>
					<string>gimbalSDK</string>
					<string>gimbalSDK/Common.embeddedframework</string>
					<string>gimbalSDK/ContextCore.embeddedframework</string>
					<string>gimbalSDK/ContextLocation.embeddedframework</string>
					<string>gimbalSDK/NetworkServices.embeddedframework</string>
				</array>
				<key>GCC_PRECOMPILE_PREFIX_HEADER</key>
				<string>YES</string>
				<key>GCC_PREFIX_HEADER</key>
				<string>SkyEye/SkyEye-Prefix.pch</string>
				<key>INFOPLIST_FILE</key>
				<string>SkyEye/SkyEye-Info.plist</string>
				<key>PRODUCT_NAME</key>
				<string>$(TARGET_NAME)</string>
				<key>WRAPPER_EXTENSION</key>
				<string>app</string>
			</dict>
			<key>isa</key>
			<string>XCBuildConfiguration</string>
			<key>name</key>
			<string>Debug</string>
		</dict>
		<key>818846A118C26ACE00590ECA</key>
		<dict>
			<key>baseConfigurationReference</key>
			<string>3C926899359542FB82F160FB</string>
			<key>buildSettings</key>
			<dict>
				<key>ASSETCATALOG_COMPILER_APPICON_NAME</key>
				<string>AppIcon</string>
				<key>ASSETCATALOG_COMPILER_LAUNCHIMAGE_NAME</key>
				<string>LaunchImage</string>
				<key>FRAMEWORK_SEARCH_PATHS</key>
				<array>
					<string>$(inherited)</string>
					<string>gimbalSDK</string>
					<string>gimbalSDK/Common.embeddedframework</string>
					<string>gimbalSDK/ContextCore.embeddedframework</string>
					<string>gimbalSDK/ContextLocation.embeddedframework</string>
					<string>gimbalSDK/NetworkServices.embeddedframework</string>
				</array>
				<key>GCC_PRECOMPILE_PREFIX_HEADER</key>
				<string>YES</string>
				<key>GCC_PREFIX_HEADER</key>
				<string>SkyEye/SkyEye-Prefix.pch</string>
				<key>INFOPLIST_FILE</key>
				<string>SkyEye/SkyEye-Info.plist</string>
				<key>PRODUCT_NAME</key>
				<string>$(TARGET_NAME)</string>
				<key>WRAPPER_EXTENSION</key>
				<string>app</string>
			</dict>
			<key>isa</key>
			<string>XCBuildConfiguration</string>
			<key>name</key>
			<string>Release</string>
		</dict>
		<key>818846A218C26ACE00590ECA</key>
		<dict>
			<key>buildConfigurations</key>
			<array>
				<string>818846A318C26ACE00590ECA</string>
				<string>818846A418C26ACE00590ECA</string>
			</array>
			<key>defaultConfigurationIsVisible</key>
			<string>0</string>
			<key>defaultConfigurationName</key>
			<string>Release</string>
			<key>isa</key>
			<string>XCConfigurationList</string>
		</dict>
		<key>818846A318C26ACE00590ECA</key>
		<dict>
			<key>buildSettings</key>
			<dict>
				<key>ARCHS</key>
				<string>$(ARCHS_STANDARD_INCLUDING_64_BIT)</string>
				<key>BUNDLE_LOADER</key>
				<string>$(BUILT_PRODUCTS_DIR)/SkyEye.app/SkyEye</string>
				<key>FRAMEWORK_SEARCH_PATHS</key>
				<array>
					<string>$(SDKROOT)/Developer/Library/Frameworks</string>
					<string>$(inherited)</string>
					<string>$(DEVELOPER_FRAMEWORKS_DIR)</string>
				</array>
				<key>GCC_PRECOMPILE_PREFIX_HEADER</key>
				<string>YES</string>
				<key>GCC_PREFIX_HEADER</key>
				<string>SkyEye/SkyEye-Prefix.pch</string>
				<key>GCC_PREPROCESSOR_DEFINITIONS</key>
				<array>
					<string>DEBUG=1</string>
					<string>$(inherited)</string>
				</array>
				<key>INFOPLIST_FILE</key>
				<string>SkyEyeTests/SkyEyeTests-Info.plist</string>
				<key>PRODUCT_NAME</key>
				<string>$(TARGET_NAME)</string>
				<key>TEST_HOST</key>
				<string>$(BUNDLE_LOADER)</string>
				<key>WRAPPER_EXTENSION</key>
				<string>xctest</string>
			</dict>
			<key>isa</key>
			<string>XCBuildConfiguration</string>
			<key>name</key>
			<string>Debug</string>
		</dict>
		<key>818846A418C26ACE00590ECA</key>
		<dict>
			<key>buildSettings</key>
			<dict>
				<key>ARCHS</key>
				<string>$(ARCHS_STANDARD_INCLUDING_64_BIT)</string>
				<key>BUNDLE_LOADER</key>
				<string>$(BUILT_PRODUCTS_DIR)/SkyEye.app/SkyEye</string>
				<key>FRAMEWORK_SEARCH_PATHS</key>
				<array>
					<string>$(SDKROOT)/Developer/Library/Frameworks</string>
					<string>$(inherited)</string>
					<string>$(DEVELOPER_FRAMEWORKS_DIR)</string>
				</array>
				<key>GCC_PRECOMPILE_PREFIX_HEADER</key>
				<string>YES</string>
				<key>GCC_PREFIX_HEADER</key>
				<string>SkyEye/SkyEye-Prefix.pch</string>
				<key>INFOPLIST_FILE</key>
				<string>SkyEyeTests/SkyEyeTests-Info.plist</string>
				<key>PRODUCT_NAME</key>
				<string>$(TARGET_NAME)</string>
				<key>TEST_HOST</key>
				<string>$(BUNDLE_LOADER)</string>
				<key>WRAPPER_EXTENSION</key>
				<string>xctest</string>
			</dict>
			<key>isa</key>
			<string>XCBuildConfiguration</string>
			<key>name</key>
			<string>Release</string>
		</dict>
		<key>A5815496B69348C28816964C</key>
		<dict>
			<key>fileRef</key>
			<string>7DD919BA653B4A3DBA897F15</string>
			<key>isa</key>
			<string>PBXBuildFile</string>
		</dict>
		<key>A6B52DDCF2AC4435B650B918</key>
		<dict>
			<key>buildActionMask</key>
			<string>2147483647</string>
			<key>files</key>
			<array/>
			<key>inputPaths</key>
			<array/>
			<key>isa</key>
			<string>PBXShellScriptBuildPhase</string>
			<key>name</key>
			<string>Copy Pods Resources</string>
			<key>outputPaths</key>
			<array/>
			<key>runOnlyForDeploymentPostprocessing</key>
			<string>0</string>
			<key>shellPath</key>
			<string>/bin/sh</string>
			<key>shellScript</key>
			<string>"${SRCROOT}/Pods/Pods-resources.sh"
</string>
			<key>showEnvVarsInLog</key>
			<string>0</string>
		</dict>
		<key>AA87EBDD3F7A42C38833424B</key>
		<dict>
			<key>buildActionMask</key>
			<string>2147483647</string>
			<key>files</key>
			<array/>
			<key>inputPaths</key>
			<array/>
			<key>isa</key>
			<string>PBXShellScriptBuildPhase</string>
			<key>name</key>
			<string>Check Pods Manifest.lock</string>
			<key>outputPaths</key>
			<array/>
			<key>runOnlyForDeploymentPostprocessing</key>
			<string>0</string>
			<key>shellPath</key>
			<string>/bin/sh</string>
			<key>shellScript</key>
			<string>diff "${PODS_ROOT}/../Podfile.lock" "${PODS_ROOT}/Manifest.lock" &gt; /dev/null
if [[ $? != 0 ]] ; then
    cat &lt;&lt; EOM
error: The sandbox is not in sync with the Podfile.lock. Run 'pod install' or update your CocoaPods installation.
EOM
    exit 1
fi
</string>
			<key>showEnvVarsInLog</key>
			<string>0</string>
		</dict>
		<key>C578106F18C284570018AFDF</key>
		<dict>
			<key>isa</key>
			<string>PBXFileReference</string>
			<key>lastKnownFileType</key>
			<string>wrapper.framework</string>
			<key>name</key>
			<string>CoreBluetooth.framework</string>
			<key>path</key>
			<string>System/Library/Frameworks/CoreBluetooth.framework</string>
			<key>sourceTree</key>
			<string>SDKROOT</string>
		</dict>
		<key>C578107018C284570018AFDF</key>
		<dict>
			<key>fileRef</key>
			<string>C578106F18C284570018AFDF</string>
			<key>isa</key>
			<string>PBXBuildFile</string>
		</dict>
		<key>C578107118C284710018AFDF</key>
		<dict>
			<key>isa</key>
			<string>PBXFileReference</string>
			<key>lastKnownFileType</key>
			<string>wrapper.framework</string>
			<key>name</key>
			<string>CoreData.framework</string>
			<key>path</key>
			<string>System/Library/Frameworks/CoreData.framework</string>
			<key>sourceTree</key>
			<string>SDKROOT</string>
		</dict>
		<key>C578107218C284710018AFDF</key>
		<dict>
			<key>isa</key>
			<string>PBXFileReference</string>
			<key>lastKnownFileType</key>
			<string>wrapper.framework</string>
			<key>name</key>
			<string>CoreLocation.framework</string>
			<key>path</key>
			<string>System/Library/Frameworks/CoreLocation.framework</string>
			<key>sourceTree</key>
			<string>SDKROOT</string>
		</dict>
		<key>C578107318C284710018AFDF</key>
		<dict>
			<key>fileRef</key>
			<string>C578107118C284710018AFDF</string>
			<key>isa</key>
			<string>PBXBuildFile</string>
		</dict>
		<key>C578107418C284710018AFDF</key>
		<dict>
			<key>fileRef</key>
			<string>C578107218C284710018AFDF</string>
			<key>isa</key>
			<string>PBXBuildFile</string>
		</dict>
		<key>C578107518C286490018AFDF</key>
		<dict>
			<key>isa</key>
			<string>PBXFileReference</string>
			<key>lastKnownFileType</key>
			<string>compiled.mach-o.dylib</string>
			<key>name</key>
			<string>libz.dylib</string>
			<key>path</key>
			<string>usr/lib/libz.dylib</string>
			<key>sourceTree</key>
			<string>SDKROOT</string>
		</dict>
		<key>C578107618C2864A0018AFDF</key>
		<dict>
			<key>fileRef</key>
			<string>C578107518C286490018AFDF</string>
			<key>isa</key>
			<string>PBXBuildFile</string>
		</dict>
		<key>C578107718C286550018AFDF</key>
		<dict>
			<key>isa</key>
			<string>PBXFileReference</string>
			<key>lastKnownFileType</key>
			<string>wrapper.framework</string>
			<key>name</key>
			<string>MapKit.framework</string>
			<key>path</key>
			<string>System/Library/Frameworks/MapKit.framework</string>
			<key>sourceTree</key>
			<string>SDKROOT</string>
		</dict>
		<key>C578107818C286550018AFDF</key>
		<dict>
			<key>fileRef</key>
			<string>C578107718C286550018AFDF</string>
			<key>isa</key>
			<string>PBXBuildFile</string>
		</dict>
		<key>C578107918C2865D0018AFDF</key>
		<dict>
			<key>isa</key>
			<string>PBXFileReference</string>
			<key>lastKnownFileType</key>
			<string>wrapper.framework</string>
			<key>name</key>
			<string>Security.framework</string>
			<key>path</key>
			<string>System/Library/Frameworks/Security.framework</string>
			<key>sourceTree</key>
			<string>SDKROOT</string>
		</dict>
		<key>C578107A18C2865D0018AFDF</key>
		<dict>
			<key>fileRef</key>
			<string>C578107918C2865D0018AFDF</string>
			<key>isa</key>
			<string>PBXBuildFile</string>
		</dict>
		<key>C57810AB18C29A9D0018AFDF</key>
		<dict>
			<key>children</key>
			<array>
				<string>C57810AC18C29A9D0018AFDF</string>
				<string>C57810AD18C29A9D0018AFDF</string>
			</array>
			<key>isa</key>
			<string>PBXGroup</string>
			<key>name</key>
			<string>Common.embeddedframework</string>
			<key>path</key>
			<string>gimbalSDK/Common.embeddedframework</string>
			<key>sourceTree</key>
			<string>&lt;group&gt;</string>
		</dict>
		<key>C57810AC18C29A9D0018AFDF</key>
		<dict>
			<key>isa</key>
			<string>PBXFileReference</string>
			<key>lastKnownFileType</key>
			<string>wrapper.framework</string>
			<key>path</key>
			<string>Common.framework</string>
			<key>sourceTree</key>
			<string>&lt;group&gt;</string>
		</dict>
		<key>C57810AD18C29A9D0018AFDF</key>
		<dict>
			<key>children</key>
			<array/>
			<key>isa</key>
			<string>PBXGroup</string>
			<key>path</key>
			<string>Resources</string>
			<key>sourceTree</key>
			<string>&lt;group&gt;</string>
		</dict>
		<key>C57810AE18C29A9D0018AFDF</key>
		<dict>
			<key>children</key>
			<array>
				<string>C57810AF18C29A9D0018AFDF</string>
				<string>C57810B018C29A9D0018AFDF</string>
			</array>
			<key>isa</key>
			<string>PBXGroup</string>
			<key>name</key>
			<string>ContextCore.embeddedframework</string>
			<key>path</key>
			<string>gimbalSDK/ContextCore.embeddedframework</string>
			<key>sourceTree</key>
			<string>&lt;group&gt;</string>
		</dict>
		<key>C57810AF18C29A9D0018AFDF</key>
		<dict>
			<key>isa</key>
			<string>PBXFileReference</string>
			<key>lastKnownFileType</key>
			<string>wrapper.framework</string>
			<key>path</key>
			<string>ContextCore.framework</string>
			<key>sourceTree</key>
			<string>&lt;group&gt;</string>
		</dict>
		<key>C57810B018C29A9D0018AFDF</key>
		<dict>
			<key>children</key>
			<array/>
			<key>isa</key>
			<string>PBXGroup</string>
			<key>path</key>
			<string>Resources</string>
			<key>sourceTree</key>
			<string>&lt;group&gt;</string>
		</dict>
		<key>C57810B118C29A9D0018AFDF</key>
		<dict>
			<key>children</key>
			<array>
				<string>C57810B218C29A9D0018AFDF</string>
				<string>C57810B318C29A9D0018AFDF</string>
			</array>
			<key>isa</key>
			<string>PBXGroup</string>
			<key>name</key>
			<string>ContextLocation.embeddedframework</string>
			<key>path</key>
			<string>gimbalSDK/ContextLocation.embeddedframework</string>
			<key>sourceTree</key>
			<string>&lt;group&gt;</string>
		</dict>
		<key>C57810B218C29A9D0018AFDF</key>
		<dict>
			<key>isa</key>
			<string>PBXFileReference</string>
			<key>lastKnownFileType</key>
			<string>wrapper.framework</string>
			<key>path</key>
			<string>ContextLocation.framework</string>
			<key>sourceTree</key>
			<string>&lt;group&gt;</string>
		</dict>
		<key>C57810B318C29A9D0018AFDF</key>
		<dict>
			<key>children</key>
			<array>
				<string>C57810B418C29A9D0018AFDF</string>
			</array>
			<key>isa</key>
			<string>PBXGroup</string>
			<key>path</key>
			<string>Resources</string>
			<key>sourceTree</key>
			<string>&lt;group&gt;</string>
		</dict>
		<key>C57810B418C29A9D0018AFDF</key>
		<dict>
			<key>isa</key>
			<string>PBXFileReference</string>
			<key>lastKnownFileType</key>
			<string>wrapper.plug-in</string>
			<key>path</key>
			<string>DataModels.bundle</string>
			<key>sourceTree</key>
			<string>&lt;group&gt;</string>
		</dict>
		<key>C57810B518C29A9D0018AFDF</key>
		<dict>
			<key>isa</key>
			<string>PBXFileReference</string>
			<key>lastKnownFileType</key>
			<string>wrapper.framework</string>
			<key>name</key>
			<string>FYX.framework</string>
			<key>path</key>
			<string>gimbalSDK/FYX.framework</string>
			<key>sourceTree</key>
			<string>&lt;group&gt;</string>
		</dict>
		<key>C57810B618C29A9D0018AFDF</key>
		<dict>
			<key>children</key>
			<array>
				<string>C57810B718C29A9D0018AFDF</string>
				<string>C57810B818C29A9D0018AFDF</string>
			</array>
			<key>isa</key>
			<string>PBXGroup</string>
			<key>name</key>
			<string>NetworkServices.embeddedframework</string>
			<key>path</key>
			<string>gimbalSDK/NetworkServices.embeddedframework</string>
			<key>sourceTree</key>
			<string>&lt;group&gt;</string>
		</dict>
		<key>C57810B718C29A9D0018AFDF</key>
		<dict>
			<key>isa</key>
			<string>PBXFileReference</string>
			<key>lastKnownFileType</key>
			<string>wrapper.framework</string>
			<key>path</key>
			<string>NetworkServices.framework</string>
			<key>sourceTree</key>
			<string>&lt;group&gt;</string>
		</dict>
		<key>C57810B818C29A9D0018AFDF</key>
		<dict>
			<key>children</key>
			<array/>
			<key>isa</key>
			<string>PBXGroup</string>
			<key>path</key>
			<string>Resources</string>
			<key>sourceTree</key>
			<string>&lt;group&gt;</string>
		</dict>
		<key>C57810B918C29A9D0018AFDF</key>
		<dict>
			<key>fileRef</key>
			<string>C57810AC18C29A9D0018AFDF</string>
			<key>isa</key>
			<string>PBXBuildFile</string>
		</dict>
		<key>C57810BA18C29A9D0018AFDF</key>
		<dict>
			<key>fileRef</key>
			<string>C57810AF18C29A9D0018AFDF</string>
			<key>isa</key>
			<string>PBXBuildFile</string>
		</dict>
		<key>C57810BB18C29A9D0018AFDF</key>
		<dict>
			<key>fileRef</key>
			<string>C57810B218C29A9D0018AFDF</string>
			<key>isa</key>
			<string>PBXBuildFile</string>
		</dict>
		<key>C57810BC18C29A9D0018AFDF</key>
		<dict>
			<key>fileRef</key>
			<string>C57810B418C29A9D0018AFDF</string>
			<key>isa</key>
			<string>PBXBuildFile</string>
		</dict>
		<key>C57810BD18C29A9D0018AFDF</key>
		<dict>
			<key>fileRef</key>
			<string>C57810B518C29A9D0018AFDF</string>
			<key>isa</key>
			<string>PBXBuildFile</string>
		</dict>
		<key>C57810BE18C29A9D0018AFDF</key>
		<dict>
			<key>fileRef</key>
			<string>C57810B718C29A9D0018AFDF</string>
			<key>isa</key>
			<string>PBXBuildFile</string>
		</dict>
	</dict>
	<key>rootObject</key>
	<string>8188466518C26ACE00590ECA</string>
</dict>
</plist>
